
Microsoft Visual Studio Solution File, Format Version 12.00
# Visual Studio Version 16
VisualStudioVersion = 16.0.31410.357
MinimumVisualStudioVersion = 10.0.40219.1
Project("{2150E333-8FDC-42A3-9474-1A3956D46DE8}") = "Business", "Business", "{83412C9F-7BBC-4091-934A-F190CA1A2590}"
EndProject
Project("{2150E333-8FDC-42A3-9474-1A3956D46DE8}") = "APIs", "APIs", "{5A6D9386-60C8-407D-97A0-F79412B0C199}"
EndProject
Project("{2150E333-8FDC-42A3-9474-1A3956D46DE8}") = "Applications", "Applications", "{B19541C3-12E4-42DF-B5B0-A3475C6075BF}"
EndProject
Project("{2150E333-8FDC-42A3-9474-1A3956D46DE8}") = "Data", "Data", "{779106A3-391A-432D-AECA-97CF6B9A355F}"
EndProject
Project("{9A19103F-16F7-4668-BE54-9A1E7A4F7556}") = "Business.Domain", "Business.Domain\Business.Domain.csproj", "{9CC36B6F-C04D-4078-AA18-1468835ACD35}"
EndProject
Project("{2150E333-8FDC-42A3-9474-1A3956D46DE8}") = "Infrastructure", "Infrastructure", "{EB84A0D5-76DC-48A8-8F62-5AB9C51BEDC1}"
EndProject
Project("{9A19103F-16F7-4668-BE54-9A1E7A4F7556}") = "Infrastructure.String", "Infrastructure.String\Infrastructure.String.csproj", "{0E53753E-BD01-4352-A761-2BDE958BCE68}"
EndProject
Project("{9A19103F-16F7-4668-BE54-9A1E7A4F7556}") = "Application.Picking.Interface", "Application.Picking.Interface\Application.Picking.Interface.csproj", "{CB7C35EB-952F-467F-A9A8-F38988DB2807}"
EndProject
Project("{9A19103F-16F7-4668-BE54-9A1E7A4F7556}") = "Application.User.Interface", "Application.User.Interface\Application.User.Interface.csproj", "{792822A5-ABDF-4ABF-8CFB-D5CA4509851B}"
EndProject
Project("{9A19103F-16F7-4668-BE54-9A1E7A4F7556}") = "Application.Warehouse.Interface", "Application.Warehouse.Interface\Application.Warehouse.Interface.csproj", "{9C5654B1-71F0-4FBD-9899-600FCED85647}"
EndProject
Project("{9A19103F-16F7-4668-BE54-9A1E7A4F7556}") = "Application.User", "Application.User\Application.User.csproj", "{B871B581-9BC8-4229-B511-8B7C96D439F8}"
EndProject
Project("{9A19103F-16F7-4668-BE54-9A1E7A4F7556}") = "Application.Picking", "Application.Picking\Application.Picking.csproj", "{578EE033-C056-4DF9-9315-6F2528407AB7}"
EndProject
Project("{9A19103F-16F7-4668-BE54-9A1E7A4F7556}") = "Application.Warehouse", "Application.Warehouse\Application.Warehouse.csproj", "{A36F9342-9954-4EB4-8DCA-1E527EF77525}"
EndProject
Project("{9A19103F-16F7-4668-BE54-9A1E7A4F7556}") = "Repository.Picking.Interface", "Repository.Picking.Interface\Repository.Picking.Interface.csproj", "{5F154431-54CA-4567-8461-A9E0A3B93ED4}"
EndProject
Project("{9A19103F-16F7-4668-BE54-9A1E7A4F7556}") = "Repository.Picking", "Repository.Picking\Repository.Picking.csproj", "{472D97D2-BA2C-4CB6-A044-15CF2DDDC758}"
EndProject
Project("{9A19103F-16F7-4668-BE54-9A1E7A4F7556}") = "Database.Picking", "Database.Picking\Database.Picking.csproj", "{38DD49D0-9370-4394-B626-AD8B2E9CD510}"
EndProject
Project("{9A19103F-16F7-4668-BE54-9A1E7A4F7556}") = "API.Picking", "API.Picking\API.Picking.csproj", "{99C79877-34C9-4934-90A0-FF007C77B406}"
EndProject
Project("{FAE04EC0-301F-11D3-BF4B-00C04F79EFBC}") = "Database.Administration", "Database.Administration\Database.Administration.csproj", "{95B38AC6-A9D4-4212-BE36-00BAA0E5393E}"
EndProject
Project("{FAE04EC0-301F-11D3-BF4B-00C04F79EFBC}") = "API.Administration", "API.Administration\API.Administration.csproj", "{1CD1B8B0-4CF2-40C7-BDC2-1AD3B7897A17}"
EndProject
Project("{FAE04EC0-301F-11D3-BF4B-00C04F79EFBC}") = "Business.Domain.Administration", "Business.Domain.Administration\Business.Domain.Administration.csproj", "{3DBD9739-A01C-4933-B70F-F09AF4BE9422}"
EndProject
Project("{FAE04EC0-301F-11D3-BF4B-00C04F79EFBC}") = "Repository.Administration.Interface", "Repository.Administration.Interface\Repository.Administration.Interface.csproj", "{6069D19E-E4F7-4B08-9C7B-67EB58E67438}"
EndProject
Project("{FAE04EC0-301F-11D3-BF4B-00C04F79EFBC}") = "Repository.Administration", "Repository.Administration\Repository.Administration.csproj", "{7F2983BC-A579-4AD2-B326-C1156678D752}"
EndProject
Global
	GlobalSection(SolutionConfigurationPlatforms) = preSolution
		Debug|Any CPU = Debug|Any CPU
		Release|Any CPU = Release|Any CPU
	EndGlobalSection
	GlobalSection(ProjectConfigurationPlatforms) = postSolution
		{9CC36B6F-C04D-4078-AA18-1468835ACD35}.Debug|Any CPU.ActiveCfg = Debug|Any CPU
		{9CC36B6F-C04D-4078-AA18-1468835ACD35}.Debug|Any CPU.Build.0 = Debug|Any CPU
		{9CC36B6F-C04D-4078-AA18-1468835ACD35}.Release|Any CPU.ActiveCfg = Release|Any CPU
		{9CC36B6F-C04D-4078-AA18-1468835ACD35}.Release|Any CPU.Build.0 = Release|Any CPU
		{0E53753E-BD01-4352-A761-2BDE958BCE68}.Debug|Any CPU.ActiveCfg = Debug|Any CPU
		{0E53753E-BD01-4352-A761-2BDE958BCE68}.Debug|Any CPU.Build.0 = Debug|Any CPU
		{0E53753E-BD01-4352-A761-2BDE958BCE68}.Release|Any CPU.ActiveCfg = Release|Any CPU
		{0E53753E-BD01-4352-A761-2BDE958BCE68}.Release|Any CPU.Build.0 = Release|Any CPU
		{CB7C35EB-952F-467F-A9A8-F38988DB2807}.Debug|Any CPU.ActiveCfg = Debug|Any CPU
		{CB7C35EB-952F-467F-A9A8-F38988DB2807}.Debug|Any CPU.Build.0 = Debug|Any CPU
		{CB7C35EB-952F-467F-A9A8-F38988DB2807}.Release|Any CPU.ActiveCfg = Release|Any CPU
		{CB7C35EB-952F-467F-A9A8-F38988DB2807}.Release|Any CPU.Build.0 = Release|Any CPU
		{792822A5-ABDF-4ABF-8CFB-D5CA4509851B}.Debug|Any CPU.ActiveCfg = Debug|Any CPU
		{792822A5-ABDF-4ABF-8CFB-D5CA4509851B}.Debug|Any CPU.Build.0 = Debug|Any CPU
		{792822A5-ABDF-4ABF-8CFB-D5CA4509851B}.Release|Any CPU.ActiveCfg = Release|Any CPU
		{792822A5-ABDF-4ABF-8CFB-D5CA4509851B}.Release|Any CPU.Build.0 = Release|Any CPU
		{9C5654B1-71F0-4FBD-9899-600FCED85647}.Debug|Any CPU.ActiveCfg = Debug|Any CPU
		{9C5654B1-71F0-4FBD-9899-600FCED85647}.Debug|Any CPU.Build.0 = Debug|Any CPU
		{9C5654B1-71F0-4FBD-9899-600FCED85647}.Release|Any CPU.ActiveCfg = Release|Any CPU
		{9C5654B1-71F0-4FBD-9899-600FCED85647}.Release|Any CPU.Build.0 = Release|Any CPU
		{B871B581-9BC8-4229-B511-8B7C96D439F8}.Debug|Any CPU.ActiveCfg = Debug|Any CPU
		{B871B581-9BC8-4229-B511-8B7C96D439F8}.Debug|Any CPU.Build.0 = Debug|Any CPU
		{B871B581-9BC8-4229-B511-8B7C96D439F8}.Release|Any CPU.ActiveCfg = Release|Any CPU
		{B871B581-9BC8-4229-B511-8B7C96D439F8}.Release|Any CPU.Build.0 = Release|Any CPU
		{578EE033-C056-4DF9-9315-6F2528407AB7}.Debug|Any CPU.ActiveCfg = Debug|Any CPU
		{578EE033-C056-4DF9-9315-6F2528407AB7}.Debug|Any CPU.Build.0 = Debug|Any CPU
		{578EE033-C056-4DF9-9315-6F2528407AB7}.Release|Any CPU.ActiveCfg = Release|Any CPU
		{578EE033-C056-4DF9-9315-6F2528407AB7}.Release|Any CPU.Build.0 = Release|Any CPU
		{A36F9342-9954-4EB4-8DCA-1E527EF77525}.Debug|Any CPU.ActiveCfg = Debug|Any CPU
		{A36F9342-9954-4EB4-8DCA-1E527EF77525}.Debug|Any CPU.Build.0 = Debug|Any CPU
		{A36F9342-9954-4EB4-8DCA-1E527EF77525}.Release|Any CPU.ActiveCfg = Release|Any CPU
		{A36F9342-9954-4EB4-8DCA-1E527EF77525}.Release|Any CPU.Build.0 = Release|Any CPU
		{5F154431-54CA-4567-8461-A9E0A3B93ED4}.Debug|Any CPU.ActiveCfg = Debug|Any CPU
		{5F154431-54CA-4567-8461-A9E0A3B93ED4}.Debug|Any CPU.Build.0 = Debug|Any CPU
		{5F154431-54CA-4567-8461-A9E0A3B93ED4}.Release|Any CPU.ActiveCfg = Release|Any CPU
		{5F154431-54CA-4567-8461-A9E0A3B93ED4}.Release|Any CPU.Build.0 = Release|Any CPU
		{472D97D2-BA2C-4CB6-A044-15CF2DDDC758}.Debug|Any CPU.ActiveCfg = Debug|Any CPU
		{472D97D2-BA2C-4CB6-A044-15CF2DDDC758}.Debug|Any CPU.Build.0 = Debug|Any CPU
		{472D97D2-BA2C-4CB6-A044-15CF2DDDC758}.Release|Any CPU.ActiveCfg = Release|Any CPU
		{472D97D2-BA2C-4CB6-A044-15CF2DDDC758}.Release|Any CPU.Build.0 = Release|Any CPU
		{38DD49D0-9370-4394-B626-AD8B2E9CD510}.Debug|Any CPU.ActiveCfg = Debug|Any CPU
		{38DD49D0-9370-4394-B626-AD8B2E9CD510}.Debug|Any CPU.Build.0 = Debug|Any CPU
		{38DD49D0-9370-4394-B626-AD8B2E9CD510}.Release|Any CPU.ActiveCfg = Release|Any CPU
		{38DD49D0-9370-4394-B626-AD8B2E9CD510}.Release|Any CPU.Build.0 = Release|Any CPU
		{99C79877-34C9-4934-90A0-FF007C77B406}.Debug|Any CPU.ActiveCfg = Debug|Any CPU
		{99C79877-34C9-4934-90A0-FF007C77B406}.Debug|Any CPU.Build.0 = Debug|Any CPU
		{99C79877-34C9-4934-90A0-FF007C77B406}.Release|Any CPU.ActiveCfg = Release|Any CPU
		{99C79877-34C9-4934-90A0-FF007C77B406}.Release|Any CPU.Build.0 = Release|Any CPU
		{95B38AC6-A9D4-4212-BE36-00BAA0E5393E}.Debug|Any CPU.ActiveCfg = Debug|Any CPU
		{95B38AC6-A9D4-4212-BE36-00BAA0E5393E}.Debug|Any CPU.Build.0 = Debug|Any CPU
		{95B38AC6-A9D4-4212-BE36-00BAA0E5393E}.Release|Any CPU.ActiveCfg = Release|Any CPU
		{95B38AC6-A9D4-4212-BE36-00BAA0E5393E}.Release|Any CPU.Build.0 = Release|Any CPU
		{1CD1B8B0-4CF2-40C7-BDC2-1AD3B7897A17}.Debug|Any CPU.ActiveCfg = Debug|Any CPU
		{1CD1B8B0-4CF2-40C7-BDC2-1AD3B7897A17}.Debug|Any CPU.Build.0 = Debug|Any CPU
		{1CD1B8B0-4CF2-40C7-BDC2-1AD3B7897A17}.Release|Any CPU.ActiveCfg = Release|Any CPU
		{1CD1B8B0-4CF2-40C7-BDC2-1AD3B7897A17}.Release|Any CPU.Build.0 = Release|Any CPU
		{3DBD9739-A01C-4933-B70F-F09AF4BE9422}.Debug|Any CPU.ActiveCfg = Debug|Any CPU
		{3DBD9739-A01C-4933-B70F-F09AF4BE9422}.Debug|Any CPU.Build.0 = Debug|Any CPU
		{3DBD9739-A01C-4933-B70F-F09AF4BE9422}.Release|Any CPU.ActiveCfg = Release|Any CPU
		{3DBD9739-A01C-4933-B70F-F09AF4BE9422}.Release|Any CPU.Build.0 = Release|Any CPU
		{6069D19E-E4F7-4B08-9C7B-67EB58E67438}.Debug|Any CPU.ActiveCfg = Debug|Any CPU
		{6069D19E-E4F7-4B08-9C7B-67EB58E67438}.Debug|Any CPU.Build.0 = Debug|Any CPU
		{6069D19E-E4F7-4B08-9C7B-67EB58E67438}.Release|Any CPU.ActiveCfg = Release|Any CPU
		{6069D19E-E4F7-4B08-9C7B-67EB58E67438}.Release|Any CPU.Build.0 = Release|Any CPU
		{7F2983BC-A579-4AD2-B326-C1156678D752}.Debug|Any CPU.ActiveCfg = Debug|Any CPU
		{7F2983BC-A579-4AD2-B326-C1156678D752}.Debug|Any CPU.Build.0 = Debug|Any CPU
		{7F2983BC-A579-4AD2-B326-C1156678D752}.Release|Any CPU.ActiveCfg = Release|Any CPU
		{7F2983BC-A579-4AD2-B326-C1156678D752}.Release|Any CPU.Build.0 = Release|Any CPU
	EndGlobalSection
	GlobalSection(SolutionProperties) = preSolution
		HideSolutionNode = FALSE
	EndGlobalSection
	GlobalSection(NestedProjects) = preSolution
		{9CC36B6F-C04D-4078-AA18-1468835ACD35} = {83412C9F-7BBC-4091-934A-F190CA1A2590}
		{0E53753E-BD01-4352-A761-2BDE958BCE68} = {EB84A0D5-76DC-48A8-8F62-5AB9C51BEDC1}
		{CB7C35EB-952F-467F-A9A8-F38988DB2807} = {B19541C3-12E4-42DF-B5B0-A3475C6075BF}
		{792822A5-ABDF-4ABF-8CFB-D5CA4509851B} = {B19541C3-12E4-42DF-B5B0-A3475C6075BF}
		{9C5654B1-71F0-4FBD-9899-600FCED85647} = {B19541C3-12E4-42DF-B5B0-A3475C6075BF}
		{B871B581-9BC8-4229-B511-8B7C96D439F8} = {B19541C3-12E4-42DF-B5B0-A3475C6075BF}
		{578EE033-C056-4DF9-9315-6F2528407AB7} = {B19541C3-12E4-42DF-B5B0-A3475C6075BF}
		{A36F9342-9954-4EB4-8DCA-1E527EF77525} = {B19541C3-12E4-42DF-B5B0-A3475C6075BF}
		{5F154431-54CA-4567-8461-A9E0A3B93ED4} = {779106A3-391A-432D-AECA-97CF6B9A355F}
		{472D97D2-BA2C-4CB6-A044-15CF2DDDC758} = {779106A3-391A-432D-AECA-97CF6B9A355F}
		{38DD49D0-9370-4394-B626-AD8B2E9CD510} = {779106A3-391A-432D-AECA-97CF6B9A355F}
		{99C79877-34C9-4934-90A0-FF007C77B406} = {5A6D9386-60C8-407D-97A0-F79412B0C199}
		{95B38AC6-A9D4-4212-BE36-00BAA0E5393E} = {779106A3-391A-432D-AECA-97CF6B9A355F}
		{1CD1B8B0-4CF2-40C7-BDC2-1AD3B7897A17} = {5A6D9386-60C8-407D-97A0-F79412B0C199}
		{3DBD9739-A01C-4933-B70F-F09AF4BE9422} = {83412C9F-7BBC-4091-934A-F190CA1A2590}
		{6069D19E-E4F7-4B08-9C7B-67EB58E67438} = {779106A3-391A-432D-AECA-97CF6B9A355F}
		{7F2983BC-A579-4AD2-B326-C1156678D752} = {779106A3-391A-432D-AECA-97CF6B9A355F}
	EndGlobalSection
	GlobalSection(ExtensibilityGlobals) = postSolution
		SolutionGuid = {F7FB30C2-59FC-42A1-860D-1D1EA7877286}
	EndGlobalSection
EndGlobal
